
Microsoft Visual Studio Solution File, Format Version 12.00
# Visual Studio Version 17
VisualStudioVersion = 17.0.31903.59
MinimumVisualStudioVersion = 10.0.40219.1
Project("{FAE04EC0-301F-11D3-BF4B-00C04F79EFBC}") = "ConsoleApp1", "ConsoleApp1\ConsoleApp1.csproj", "{808C5786-A23C-454B-BBEB-77B6EA545179}"
EndProject
Project("{FAE04EC0-301F-11D3-BF4B-00C04F79EFBC}") = "Questions", "Questions\Questions.csproj", "{EA47284B-0080-4950-B1A7-6ECFA4779E68}"
EndProject
Global
	GlobalSection(SolutionConfigurationPlatforms) = preSolution
		Debug|Any CPU = Debug|Any CPU
		Debug|x64 = Debug|x64
		Debug|x86 = Debug|x86
		Release|Any CPU = Release|Any CPU
		Release|x64 = Release|x64
		Release|x86 = Release|x86
	EndGlobalSection
	GlobalSection(ProjectConfigurationPlatforms) = postSolution
		{808C5786-A23C-454B-BBEB-77B6EA545179}.Debug|Any CPU.ActiveCfg = Debug|Any CPU
		{808C5786-A23C-454B-BBEB-77B6EA545179}.Debug|Any CPU.Build.0 = Debug|Any CPU
		{808C5786-A23C-454B-BBEB-77B6EA545179}.Debug|x64.ActiveCfg = Debug|Any CPU
		{808C5786-A23C-454B-BBEB-77B6EA545179}.Debug|x64.Build.0 = Debug|Any CPU
		{808C5786-A23C-454B-BBEB-77B6EA545179}.Debug|x86.ActiveCfg = Debug|Any CPU
		{808C5786-A23C-454B-BBEB-77B6EA545179}.Debug|x86.Build.0 = Debug|Any CPU
		{808C5786-A23C-454B-BBEB-77B6EA545179}.Release|Any CPU.ActiveCfg = Release|Any CPU
		{808C5786-A23C-454B-BBEB-77B6EA545179}.Release|Any CPU.Build.0 = Release|Any CPU
		{808C5786-A23C-454B-BBEB-77B6EA545179}.Release|x64.ActiveCfg = Release|Any CPU
		{808C5786-A23C-454B-BBEB-77B6EA545179}.Release|x64.Build.0 = Release|Any CPU
		{808C5786-A23C-454B-BBEB-77B6EA545179}.Release|x86.ActiveCfg = Release|Any CPU
		{808C5786-A23C-454B-BBEB-77B6EA545179}.Release|x86.Build.0 = Release|Any CPU
		{EA47284B-0080-4950-B1A7-6ECFA4779E68}.Debug|Any CPU.ActiveCfg = Debug|Any CPU
		{EA47284B-0080-4950-B1A7-6ECFA4779E68}.Debug|Any CPU.Build.0 = Debug|Any CPU
		{EA47284B-0080-4950-B1A7-6ECFA4779E68}.Debug|x64.ActiveCfg = Debug|Any CPU
		{EA47284B-0080-4950-B1A7-6ECFA4779E68}.Debug|x64.Build.0 = Debug|Any CPU
		{EA47284B-0080-4950-B1A7-6ECFA4779E68}.Debug|x86.ActiveCfg = Debug|Any CPU
		{EA47284B-0080-4950-B1A7-6ECFA4779E68}.Debug|x86.Build.0 = Debug|Any CPU
		{EA47284B-0080-4950-B1A7-6ECFA4779E68}.Release|Any CPU.ActiveCfg = Release|Any CPU
		{EA47284B-0080-4950-B1A7-6ECFA4779E68}.Release|Any CPU.Build.0 = Release|Any CPU
		{EA47284B-0080-4950-B1A7-6ECFA4779E68}.Release|x64.ActiveCfg = Release|Any CPU
		{EA47284B-0080-4950-B1A7-6ECFA4779E68}.Release|x64.Build.0 = Release|Any CPU
		{EA47284B-0080-4950-B1A7-6ECFA4779E68}.Release|x86.ActiveCfg = Release|Any CPU
		{EA47284B-0080-4950-B1A7-6ECFA4779E68}.Release|x86.Build.0 = Release|Any CPU
	EndGlobalSection
	GlobalSection(SolutionProperties) = preSolution
		HideSolutionNode = FALSE
	EndGlobalSection
EndGlobal
