
Microsoft Visual Studio Solution File, Format Version 12.00
# Visual Studio Version 17
VisualStudioVersion = 17.0.31903.59
MinimumVisualStudioVersion = 10.0.40219.1
Project("{FAE04EC0-301F-11D3-BF4B-00C04F79EFBC}") = "BlobAPI", "BlobAPI\BlobAPI.csproj", "{E9AFABB1-EF7D-4489-BA36-5C0F3CC568F5}"
EndProject
Project("{FAE04EC0-301F-11D3-BF4B-00C04F79EFBC}") = "TrainingVideoPortal", "TrainingVideoPortal\TrainingVideoPortal.csproj", "{F8DAE03B-8604-42BE-9B42-41C61D086B49}"
EndProject
Global
	GlobalSection(SolutionConfigurationPlatforms) = preSolution
		Debug|Any CPU = Debug|Any CPU
		Debug|x64 = Debug|x64
		Debug|x86 = Debug|x86
		Release|Any CPU = Release|Any CPU
		Release|x64 = Release|x64
		Release|x86 = Release|x86
	EndGlobalSection
	GlobalSection(ProjectConfigurationPlatforms) = postSolution
		{E9AFABB1-EF7D-4489-BA36-5C0F3CC568F5}.Debug|Any CPU.ActiveCfg = Debug|Any CPU
		{E9AFABB1-EF7D-4489-BA36-5C0F3CC568F5}.Debug|Any CPU.Build.0 = Debug|Any CPU
		{E9AFABB1-EF7D-4489-BA36-5C0F3CC568F5}.Debug|x64.ActiveCfg = Debug|Any CPU
		{E9AFABB1-EF7D-4489-BA36-5C0F3CC568F5}.Debug|x64.Build.0 = Debug|Any CPU
		{E9AFABB1-EF7D-4489-BA36-5C0F3CC568F5}.Debug|x86.ActiveCfg = Debug|Any CPU
		{E9AFABB1-EF7D-4489-BA36-5C0F3CC568F5}.Debug|x86.Build.0 = Debug|Any CPU
		{E9AFABB1-EF7D-4489-BA36-5C0F3CC568F5}.Release|Any CPU.ActiveCfg = Release|Any CPU
		{E9AFABB1-EF7D-4489-BA36-5C0F3CC568F5}.Release|Any CPU.Build.0 = Release|Any CPU
		{E9AFABB1-EF7D-4489-BA36-5C0F3CC568F5}.Release|x64.ActiveCfg = Release|Any CPU
		{E9AFABB1-EF7D-4489-BA36-5C0F3CC568F5}.Release|x64.Build.0 = Release|Any CPU
		{E9AFABB1-EF7D-4489-BA36-5C0F3CC568F5}.Release|x86.ActiveCfg = Release|Any CPU
		{E9AFABB1-EF7D-4489-BA36-5C0F3CC568F5}.Release|x86.Build.0 = Release|Any CPU
		{F8DAE03B-8604-42BE-9B42-41C61D086B49}.Debug|Any CPU.ActiveCfg = Debug|Any CPU
		{F8DAE03B-8604-42BE-9B42-41C61D086B49}.Debug|Any CPU.Build.0 = Debug|Any CPU
		{F8DAE03B-8604-42BE-9B42-41C61D086B49}.Debug|x64.ActiveCfg = Debug|Any CPU
		{F8DAE03B-8604-42BE-9B42-41C61D086B49}.Debug|x64.Build.0 = Debug|Any CPU
		{F8DAE03B-8604-42BE-9B42-41C61D086B49}.Debug|x86.ActiveCfg = Debug|Any CPU
		{F8DAE03B-8604-42BE-9B42-41C61D086B49}.Debug|x86.Build.0 = Debug|Any CPU
		{F8DAE03B-8604-42BE-9B42-41C61D086B49}.Release|Any CPU.ActiveCfg = Release|Any CPU
		{F8DAE03B-8604-42BE-9B42-41C61D086B49}.Release|Any CPU.Build.0 = Release|Any CPU
		{F8DAE03B-8604-42BE-9B42-41C61D086B49}.Release|x64.ActiveCfg = Release|Any CPU
		{F8DAE03B-8604-42BE-9B42-41C61D086B49}.Release|x64.Build.0 = Release|Any CPU
		{F8DAE03B-8604-42BE-9B42-41C61D086B49}.Release|x86.ActiveCfg = Release|Any CPU
		{F8DAE03B-8604-42BE-9B42-41C61D086B49}.Release|x86.Build.0 = Release|Any CPU
	EndGlobalSection
	GlobalSection(SolutionProperties) = preSolution
		HideSolutionNode = FALSE
	EndGlobalSection
EndGlobal
